
Microsoft Visual Studio Solution File, Format Version 12.00
# Visual Studio Version 16
VisualStudioVersion = 16.0.31727.386
MinimumVisualStudioVersion = 10.0.40219.1
Project("{8BC9CEB8-8B4A-11D0-8D11-00A0C91BC942}") = "c2", "c2\c2.vcxproj", "{EFD50C89-7A05-4F5B-ABFC-2CA951744268}"
EndProject
Global
	GlobalSection(SolutionConfigurationPlatforms) = preSolution
		Debug|x64 = Debug|x64
		Debug|x86 = Debug|x86
		Release|x64 = Release|x64
		Release|x86 = Release|x86
	EndGlobalSection
	GlobalSection(ProjectConfigurationPlatforms) = postSolution
		{EFD50C89-7A05-4F5B-ABFC-2CA951744268}.Debug|x64.ActiveCfg = Debug|x64
		{EFD50C89-7A05-4F5B-ABFC-2CA951744268}.Debug|x64.Build.0 = Debug|x64
		{EFD50C89-7A05-4F5B-ABFC-2CA951744268}.Debug|x86.ActiveCfg = Debug|Win32
		{EFD50C89-7A05-4F5B-ABFC-2CA951744268}.Debug|x86.Build.0 = Debug|Win32
		{EFD50C89-7A05-4F5B-ABFC-2CA951744268}.Release|x64.ActiveCfg = Release|x64
		{EFD50C89-7A05-4F5B-ABFC-2CA951744268}.Release|x64.Build.0 = Release|x64
		{EFD50C89-7A05-4F5B-ABFC-2CA951744268}.Release|x86.ActiveCfg = Release|Win32
		{EFD50C89-7A05-4F5B-ABFC-2CA951744268}.Release|x86.Build.0 = Release|Win32
	EndGlobalSection
	GlobalSection(SolutionProperties) = preSolution
		HideSolutionNode = FALSE
	EndGlobalSection
	GlobalSection(ExtensibilityGlobals) = postSolution
		SolutionGuid = {FCBEDEA8-B800-4489-B5AC-D56596806783}
	EndGlobalSection
EndGlobal
